{
  "object": {
    "pins": [
      {
        "package": "c",
        "repositoryURL": "https://github.com/0xOpenBytes/c",
        "state": {
          "branch": null,
          "revision": "92b1779ad2b4c551bdfd93f47b79a1399264b2dd",
          "version": "1.0.1"
        }
      },
      {
        "package": "CacheStore",
        "repositoryURL": "https://github.com/0xOpenBytes/CacheStore",
        "state": {
          "branch": null,
          "revision": "7d88695096888a4449722bbbf8d0f4ba2cfa6419",
          "version": "1.1.0"
        }
      },
      {
        "package": "FLet",
        "repositoryURL": "https://github.com/0xOpenBytes/FLet",
        "state": {
          "branch": null,
          "revision": "0ca1cd5a70e9f790bd3ef6f99c14e721bbce2386",
          "version": "2.0.0"
        }
      },
      {
        "package": "o",
        "repositoryURL": "https://github.com/0xOpenBytes/o",
        "state": {
          "branch": null,
          "revision": "2721b5d5feab371ab6e6999a557f9c80f0426228",
          "version": "0.2.1"
        }
      },
      {
        "package": "t",
        "repositoryURL": "https://github.com/0xOpenBytes/t",
        "state": {
          "branch": null,
          "revision": "78294df737c524f40267bca42beb8e10ca28aa41",
          "version": "0.2.0"
        }
      }
    ]
  },
  "version": 1
}
